# THIS IS AN AUTOGENERATED FILE. DO NOT EDIT THIS FILE DIRECTLY.
# yarn lockfile v1


vee-validate@^3.4.14:
  version "3.4.14"
  resolved "https://registry.yarnpkg.com/vee-validate/-/vee-validate-3.4.14.tgz#51f91c01d6660c43c6252c417c89fb07cdf8b8dd"
  integrity sha512-Hqqic8G9WcRSIzCxiCPqMZv4qB8JE1lIQqIOLDm2K5BXUiL8d4a2+kqkanv8gQSGDzYpnCQZ7BO/T99Aj05T1Q==
